
Microsoft Visual Studio Solution File, Format Version 12.00
# Visual Studio Version 16
VisualStudioVersion = 16.0.30523.141
MinimumVisualStudioVersion = 10.0.40219.1
Project("{FAE04EC0-301F-11D3-BF4B-00C04F79EFBC}") = "Triangle", "Triangle\Triangle.csproj", "{23A68E8F-0ED6-43C3-9D99-0C0D5445F5F7}"
EndProject
Global
	GlobalSection(SolutionConfigurationPlatforms) = preSolution
		Debug|Any CPU = Debug|Any CPU
		Release|Any CPU = Release|Any CPU
	EndGlobalSection
	GlobalSection(ProjectConfigurationPlatforms) = postSolution
		{23A68E8F-0ED6-43C3-9D99-0C0D5445F5F7}.Debug|Any CPU.ActiveCfg = Debug|Any CPU
		{23A68E8F-0ED6-43C3-9D99-0C0D5445F5F7}.Debug|Any CPU.Build.0 = Debug|Any CPU
		{23A68E8F-0ED6-43C3-9D99-0C0D5445F5F7}.Release|Any CPU.ActiveCfg = Release|Any CPU
		{23A68E8F-0ED6-43C3-9D99-0C0D5445F5F7}.Release|Any CPU.Build.0 = Release|Any CPU
	EndGlobalSection
	GlobalSection(SolutionProperties) = preSolution
		HideSolutionNode = FALSE
	EndGlobalSection
	GlobalSection(ExtensibilityGlobals) = postSolution
		SolutionGuid = {8BCD37BF-8F6B-4A82-A9AA-7E5757D96B9E}
	EndGlobalSection
EndGlobal
