
Microsoft Visual Studio Solution File, Format Version 12.00
# Visual Studio Version 16
VisualStudioVersion = 16.0.30717.126
MinimumVisualStudioVersion = 10.0.40219.1
Project("{FAE04EC0-301F-11D3-BF4B-00C04F79EFBC}") = "Testinterface1", "Testinterface1\Testinterface1.csproj", "{57562DDB-FCA3-4E68-A316-150F5CC6B7E8}"
EndProject
Global
	GlobalSection(SolutionConfigurationPlatforms) = preSolution
		Debug|Any CPU = Debug|Any CPU
		Release|Any CPU = Release|Any CPU
	EndGlobalSection
	GlobalSection(ProjectConfigurationPlatforms) = postSolution
		{57562DDB-FCA3-4E68-A316-150F5CC6B7E8}.Debug|Any CPU.ActiveCfg = Debug|Any CPU
		{57562DDB-FCA3-4E68-A316-150F5CC6B7E8}.Debug|Any CPU.Build.0 = Debug|Any CPU
		{57562DDB-FCA3-4E68-A316-150F5CC6B7E8}.Release|Any CPU.ActiveCfg = Release|Any CPU
		{57562DDB-FCA3-4E68-A316-150F5CC6B7E8}.Release|Any CPU.Build.0 = Release|Any CPU
	EndGlobalSection
	GlobalSection(SolutionProperties) = preSolution
		HideSolutionNode = FALSE
	EndGlobalSection
	GlobalSection(ExtensibilityGlobals) = postSolution
		SolutionGuid = {228B558B-29C8-4B2B-B736-917BEAD2FA76}
	EndGlobalSection
EndGlobal
