
Microsoft Visual Studio Solution File, Format Version 12.00
# Visual Studio Version 16
VisualStudioVersion = 16.0.30523.141
MinimumVisualStudioVersion = 10.0.40219.1
Project("{FAE04EC0-301F-11D3-BF4B-00C04F79EFBC}") = "lw4", "lw4\lw4.csproj", "{A6D7496A-5BC7-4FF3-8C7F-8C6D68E6056A}"
EndProject
Global
	GlobalSection(SolutionConfigurationPlatforms) = preSolution
		Debug|Any CPU = Debug|Any CPU
		Release|Any CPU = Release|Any CPU
	EndGlobalSection
	GlobalSection(ProjectConfigurationPlatforms) = postSolution
		{A6D7496A-5BC7-4FF3-8C7F-8C6D68E6056A}.Debug|Any CPU.ActiveCfg = Debug|Any CPU
		{A6D7496A-5BC7-4FF3-8C7F-8C6D68E6056A}.Debug|Any CPU.Build.0 = Debug|Any CPU
		{A6D7496A-5BC7-4FF3-8C7F-8C6D68E6056A}.Release|Any CPU.ActiveCfg = Release|Any CPU
		{A6D7496A-5BC7-4FF3-8C7F-8C6D68E6056A}.Release|Any CPU.Build.0 = Release|Any CPU
	EndGlobalSection
	GlobalSection(SolutionProperties) = preSolution
		HideSolutionNode = FALSE
	EndGlobalSection
	GlobalSection(ExtensibilityGlobals) = postSolution
		SolutionGuid = {7E63EAC9-5F04-4347-9DEE-FEAAC73517EB}
	EndGlobalSection
EndGlobal
