
Microsoft Visual Studio Solution File, Format Version 12.00
# Visual Studio Version 16
VisualStudioVersion = 16.0.30523.141
MinimumVisualStudioVersion = 10.0.40219.1
Project("{FAE04EC0-301F-11D3-BF4B-00C04F79EFBC}") = "lw1", "lw1\lw1.csproj", "{42147292-B427-42D1-ADF2-A8320FB183E1}"
EndProject
Global
	GlobalSection(SolutionConfigurationPlatforms) = preSolution
		Debug|Any CPU = Debug|Any CPU
		Release|Any CPU = Release|Any CPU
	EndGlobalSection
	GlobalSection(ProjectConfigurationPlatforms) = postSolution
		{42147292-B427-42D1-ADF2-A8320FB183E1}.Debug|Any CPU.ActiveCfg = Debug|Any CPU
		{42147292-B427-42D1-ADF2-A8320FB183E1}.Debug|Any CPU.Build.0 = Debug|Any CPU
		{42147292-B427-42D1-ADF2-A8320FB183E1}.Release|Any CPU.ActiveCfg = Release|Any CPU
		{42147292-B427-42D1-ADF2-A8320FB183E1}.Release|Any CPU.Build.0 = Release|Any CPU
	EndGlobalSection
	GlobalSection(SolutionProperties) = preSolution
		HideSolutionNode = FALSE
	EndGlobalSection
	GlobalSection(ExtensibilityGlobals) = postSolution
		SolutionGuid = {762686B1-4439-4F1B-94C0-22E239BF9856}
	EndGlobalSection
EndGlobal
