
Microsoft Visual Studio Solution File, Format Version 12.00
# Visual Studio Version 16
VisualStudioVersion = 16.0.30717.126
MinimumVisualStudioVersion = 10.0.40219.1
Project("{FAE04EC0-301F-11D3-BF4B-00C04F79EFBC}") = "WindowsFormsApp1", "WindowsFormsApp1\WindowsFormsApp1.csproj", "{503D64A6-2338-4BEE-8BFB-A2F96C006F6F}"
EndProject
Global
	GlobalSection(SolutionConfigurationPlatforms) = preSolution
		Debug|Any CPU = Debug|Any CPU
		Release|Any CPU = Release|Any CPU
	EndGlobalSection
	GlobalSection(ProjectConfigurationPlatforms) = postSolution
		{503D64A6-2338-4BEE-8BFB-A2F96C006F6F}.Debug|Any CPU.ActiveCfg = Debug|Any CPU
		{503D64A6-2338-4BEE-8BFB-A2F96C006F6F}.Debug|Any CPU.Build.0 = Debug|Any CPU
		{503D64A6-2338-4BEE-8BFB-A2F96C006F6F}.Release|Any CPU.ActiveCfg = Release|Any CPU
		{503D64A6-2338-4BEE-8BFB-A2F96C006F6F}.Release|Any CPU.Build.0 = Release|Any CPU
	EndGlobalSection
	GlobalSection(SolutionProperties) = preSolution
		HideSolutionNode = FALSE
	EndGlobalSection
	GlobalSection(ExtensibilityGlobals) = postSolution
		SolutionGuid = {BE5F8A25-14E6-4D42-ADC4-80829001E97C}
	EndGlobalSection
EndGlobal
