
Microsoft Visual Studio Solution File, Format Version 12.00
# Visual Studio Version 16
VisualStudioVersion = 16.0.30523.141
MinimumVisualStudioVersion = 10.0.40219.1
Project("{FAE04EC0-301F-11D3-BF4B-00C04F79EFBC}") = "lw2", "lw2\lw2.csproj", "{8EB9D7DA-AF7E-4C7D-89A8-695328BF165C}"
EndProject
Global
	GlobalSection(SolutionConfigurationPlatforms) = preSolution
		Debug|Any CPU = Debug|Any CPU
		Release|Any CPU = Release|Any CPU
	EndGlobalSection
	GlobalSection(ProjectConfigurationPlatforms) = postSolution
		{8EB9D7DA-AF7E-4C7D-89A8-695328BF165C}.Debug|Any CPU.ActiveCfg = Debug|Any CPU
		{8EB9D7DA-AF7E-4C7D-89A8-695328BF165C}.Debug|Any CPU.Build.0 = Debug|Any CPU
		{8EB9D7DA-AF7E-4C7D-89A8-695328BF165C}.Release|Any CPU.ActiveCfg = Release|Any CPU
		{8EB9D7DA-AF7E-4C7D-89A8-695328BF165C}.Release|Any CPU.Build.0 = Release|Any CPU
	EndGlobalSection
	GlobalSection(SolutionProperties) = preSolution
		HideSolutionNode = FALSE
	EndGlobalSection
	GlobalSection(ExtensibilityGlobals) = postSolution
		SolutionGuid = {340153D4-5793-4B1C-8D31-ACCC939208BD}
	EndGlobalSection
EndGlobal
